// !$*UTF8*$!
{
	archiveVersion = 1;
	classes = {
	};
	objectVersion = 77;
	objects = {

/* Begin PBXBuildFile section */
		C36757AD2E80330F0098BB22 /* GoogleMobileAds in Frameworks */ = {isa = PBXBuildFile; productRef = C36757AC2E80330F0098BB22 /* GoogleMobileAds */; };
/* End PBXBuildFile section */

/* Begin PBXContainerItemProxy section */
		C3D2BB7C2E6A7969002B900A /* PBXContainerItemProxy */ = {
			isa = PBXContainerItemProxy;
			containerPortal = C3D2BB642E6A7967002B900A /* Project object */;
			proxyType = 1;
			remoteGlobalIDString = C3D2BB6B2E6A7967002B900A;
			remoteInfo = PackList;
		};
		C3D2BB862E6A7969002B900A /* PBXContainerItemProxy */ = {
			isa = PBXContainerItemProxy;
			containerPortal = C3D2BB642E6A7967002B900A /* Project object */;
			proxyType = 1;
			remoteGlobalIDString = C3D2BB6B2E6A7967002B900A;
			remoteInfo = PackList;
		};
/* End PBXContainerItemProxy section */

/* Begin PBXFileReference section */
		C3D2BB6C2E6A7967002B900A /* PackList.app */ = {isa = PBXFileReference; explicitFileType = wrapper.application; includeInIndex = 0; path = PackList.app; sourceTree = BUILT_PRODUCTS_DIR; };
		C3D2BB7B2E6A7969002B900A /* PackListTests.xctest */ = {isa = PBXFileReference; explicitFileType = wrapper.cfbundle; includeInIndex = 0; path = PackListTests.xctest; sourceTree = BUILT_PRODUCTS_DIR; };
		C3D2BB852E6A7969002B900A /* PackListUITests.xctest */ = {isa = PBXFileReference; explicitFileType = wrapper.cfbundle; includeInIndex = 0; path = PackListUITests.xctest; sourceTree = BUILT_PRODUCTS_DIR; };
/* End PBXFileReference section */

/* Begin PBXFileSystemSynchronizedBuildFileExceptionSet section */
		C367576C2E802B9B0098BB22 /* Exceptions for "PackList" folder in "PackList" target */ = {
			isa = PBXFileSystemSynchronizedBuildFileExceptionSet;
			membershipExceptions = (
				Resources/Info.plist,
			);
			target = C3D2BB6B2E6A7967002B900A /* PackList */;
		};
/* End PBXFileSystemSynchronizedBuildFileExceptionSet section */

/* Begin PBXFileSystemSynchronizedRootGroup section */
		C3D2BB6E2E6A7967002B900A /* PackList */ = {
			isa = PBXFileSystemSynchronizedRootGroup;
			exceptions = (
				C367576C2E802B9B0098BB22 /* Exceptions for "PackList" folder in "PackList" target */,
			);
			path = PackList;
			sourceTree = "<group>";
		};
		C3D2BB7E2E6A7969002B900A /* PackListTests */ = {
			isa = PBXFileSystemSynchronizedRootGroup;
			path = PackListTests;
			sourceTree = "<group>";
		};
		C3D2BB882E6A7969002B900A /* PackListUITests */ = {
			isa = PBXFileSystemSynchronizedRootGroup;
			path = PackListUITests;
			sourceTree = "<group>";
		};
/* End PBXFileSystemSynchronizedRootGroup section */

/* Begin PBXFrameworksBuildPhase section */
		C3D2BB692E6A7967002B900A /* Frameworks */ = {
			isa = PBXFrameworksBuildPhase;
			buildActionMask = 2147483647;
			files = (
				C36757AD2E80330F0098BB22 /* GoogleMobileAds in Frameworks */,
			);
			runOnlyForDeploymentPostprocessing = 0;
		};
		C3D2BB782E6A7969002B900A /* Frameworks */ = {
			isa = PBXFrameworksBuildPhase;
			buildActionMask = 2147483647;
			files = (
			);
			runOnlyForDeploymentPostprocessing = 0;
		};
		C3D2BB822E6A7969002B900A /* Frameworks */ = {
			isa = PBXFrameworksBuildPhase;
			buildActionMask = 2147483647;
			files = (
			);
			runOnlyForDeploymentPostprocessing = 0;
		};
/* End PBXFrameworksBuildPhase section */

/* Begin PBXGroup section */
		C36757AB2E80330F0098BB22 /* Frameworks */ = {
			isa = PBXGroup;
			children = (
			);
			name = Frameworks;
			sourceTree = "<group>";
		};
		C3D2BB632E6A7967002B900A = {
			isa = PBXGroup;
			children = (
				C3D2BB6E2E6A7967002B900A /* PackList */,
				C3D2BB7E2E6A7969002B900A /* PackListTests */,
				C3D2BB882E6A7969002B900A /* PackListUITests */,
				C36757AB2E80330F0098BB22 /* Frameworks */,
				C3D2BB6D2E6A7967002B900A /* Products */,
			);
			sourceTree = "<group>";
		};
		C3D2BB6D2E6A7967002B900A /* Products */ = {
			isa = PBXGroup;
			children = (
				C3D2BB6C2E6A7967002B900A /* PackList.app */,
				C3D2BB7B2E6A7969002B900A /* PackListTests.xctest */,
				C3D2BB852E6A7969002B900A /* PackListUITests.xctest */,
			);
			name = Products;
			sourceTree = "<group>";
		};
/* End PBXGroup section */

/* Begin PBXNativeTarget section */
		C3D2BB6B2E6A7967002B900A /* PackList */ = {
			isa = PBXNativeTarget;
			buildConfigurationList = C3D2BB8F2E6A7969002B900A /* Build configuration list for PBXNativeTarget "PackList" */;
			buildPhases = (
				C3D2BB682E6A7967002B900A /* Sources */,
				C3D2BB692E6A7967002B900A /* Frameworks */,
				C3D2BB6A2E6A7967002B900A /* Resources */,
			);
			buildRules = (
			);
			dependencies = (
			);
			fileSystemSynchronizedGroups = (
				C3D2BB6E2E6A7967002B900A /* PackList */,
			);
			name = PackList;
			packageProductDependencies = (
				C36757AC2E80330F0098BB22 /* GoogleMobileAds */,
			);
			productName = PackList;
			productReference = C3D2BB6C2E6A7967002B900A /* PackList.app */;
			productType = "com.apple.product-type.application";
		};
		C3D2BB7A2E6A7969002B900A /* PackListTests */ = {
			isa = PBXNativeTarget;
			buildConfigurationList = C3D2BB922E6A7969002B900A /* Build configuration list for PBXNativeTarget "PackListTests" */;
			buildPhases = (
				C3D2BB772E6A7969002B900A /* Sources */,
				C3D2BB782E6A7969002B900A /* Frameworks */,
				C3D2BB792E6A7969002B900A /* Resources */,
			);
			buildRules = (
			);
			dependencies = (
				C3D2BB7D2E6A7969002B900A /* PBXTargetDependency */,
			);
			fileSystemSynchronizedGroups = (
				C3D2BB7E2E6A7969002B900A /* PackListTests */,
			);
			name = PackListTests;
			packageProductDependencies = (
			);
			productName = PackListTests;
			productReference = C3D2BB7B2E6A7969002B900A /* PackListTests.xctest */;
			productType = "com.apple.product-type.bundle.unit-test";
		};
		C3D2BB842E6A7969002B900A /* PackListUITests */ = {
			isa = PBXNativeTarget;
			buildConfigurationList = C3D2BB952E6A7969002B900A /* Build configuration list for PBXNativeTarget "PackListUITests" */;
			buildPhases = (
				C3D2BB812E6A7969002B900A /* Sources */,
				C3D2BB822E6A7969002B900A /* Frameworks */,
				C3D2BB832E6A7969002B900A /* Resources */,
			);
			buildRules = (
			);
			dependencies = (
				C3D2BB872E6A7969002B900A /* PBXTargetDependency */,
			);
			fileSystemSynchronizedGroups = (
				C3D2BB882E6A7969002B900A /* PackListUITests */,
			);
			name = PackListUITests;
			packageProductDependencies = (
			);
			productName = PackListUITests;
			productReference = C3D2BB852E6A7969002B900A /* PackListUITests.xctest */;
			productType = "com.apple.product-type.bundle.ui-testing";
		};
/* End PBXNativeTarget section */

/* Begin PBXProject section */
		C3D2BB642E6A7967002B900A /* Project object */ = {
			isa = PBXProject;
			attributes = {
				BuildIndependentTargetsInParallel = 1;
				LastSwiftUpdateCheck = 1630;
				LastUpgradeCheck = 1630;
				TargetAttributes = {
					C3D2BB6B2E6A7967002B900A = {
						CreatedOnToolsVersion = 16.3;
					};
					C3D2BB7A2E6A7969002B900A = {
						CreatedOnToolsVersion = 16.3;
						TestTargetID = C3D2BB6B2E6A7967002B900A;
					};
					C3D2BB842E6A7969002B900A = {
						CreatedOnToolsVersion = 16.3;
						TestTargetID = C3D2BB6B2E6A7967002B900A;
					};
				};
			};
			buildConfigurationList = C3D2BB672E6A7967002B900A /* Build configuration list for PBXProject "PackList" */;
			developmentRegion = en;
			hasScannedForEncodings = 0;
			knownRegions = (
				en,
				ja,
				Base,
			);
			mainGroup = C3D2BB632E6A7967002B900A;
			minimizedProjectReferenceProxies = 1;
			packageReferences = (
				C36756712E7FA08D0098BB22 /* XCRemoteSwiftPackageReference "swift-package-manager-google-mobile-ads" */,
			);
			preferredProjectObjectVersion = 77;
			productRefGroup = C3D2BB6D2E6A7967002B900A /* Products */;
			projectDirPath = "";
			projectRoot = "";
			targets = (
				C3D2BB6B2E6A7967002B900A /* PackList */,
				C3D2BB7A2E6A7969002B900A /* PackListTests */,
				C3D2BB842E6A7969002B900A /* PackListUITests */,
			);
		};
/* End PBXProject section */

/* Begin PBXResourcesBuildPhase section */
		C3D2BB6A2E6A7967002B900A /* Resources */ = {
			isa = PBXResourcesBuildPhase;
			buildActionMask = 2147483647;
			files = (
			);
			runOnlyForDeploymentPostprocessing = 0;
		};
		C3D2BB792E6A7969002B900A /* Resources */ = {
			isa = PBXResourcesBuildPhase;
			buildActionMask = 2147483647;
			files = (
			);
			runOnlyForDeploymentPostprocessing = 0;
		};
		C3D2BB832E6A7969002B900A /* Resources */ = {
			isa = PBXResourcesBuildPhase;
			buildActionMask = 2147483647;
			files = (
			);
			runOnlyForDeploymentPostprocessing = 0;
		};
/* End PBXResourcesBuildPhase section */

/* Begin PBXSourcesBuildPhase section */
		C3D2BB682E6A7967002B900A /* Sources */ = {
			isa = PBXSourcesBuildPhase;
			buildActionMask = 2147483647;
			files = (
			);
			runOnlyForDeploymentPostprocessing = 0;
		};
		C3D2BB772E6A7969002B900A /* Sources */ = {
			isa = PBXSourcesBuildPhase;
			buildActionMask = 2147483647;
			files = (
			);
			runOnlyForDeploymentPostprocessing = 0;
		};
		C3D2BB812E6A7969002B900A /* Sources */ = {
			isa = PBXSourcesBuildPhase;
			buildActionMask = 2147483647;
			files = (
			);
			runOnlyForDeploymentPostprocessing = 0;
		};
/* End PBXSourcesBuildPhase section */

/* Begin PBXTargetDependency section */
		C3D2BB7D2E6A7969002B900A /* PBXTargetDependency */ = {
			isa = PBXTargetDependency;
			target = C3D2BB6B2E6A7967002B900A /* PackList */;
			targetProxy = C3D2BB7C2E6A7969002B900A /* PBXContainerItemProxy */;
		};
		C3D2BB872E6A7969002B900A /* PBXTargetDependency */ = {
			isa = PBXTargetDependency;
			target = C3D2BB6B2E6A7967002B900A /* PackList */;
			targetProxy = C3D2BB862E6A7969002B900A /* PBXContainerItemProxy */;
		};
/* End PBXTargetDependency section */

/* Begin XCBuildConfiguration section */
		C3D2BB8D2E6A7969002B900A /* Debug */ = {
			isa = XCBuildConfiguration;
			buildSettings = {
				ALWAYS_SEARCH_USER_PATHS = NO;
				ASSETCATALOG_COMPILER_GENERATE_SWIFT_ASSET_SYMBOL_EXTENSIONS = YES;
				CLANG_ANALYZER_NONNULL = YES;
				CLANG_ANALYZER_NUMBER_OBJECT_CONVERSION = YES_AGGRESSIVE;
				CLANG_CXX_LANGUAGE_STANDARD = "gnu++20";
				CLANG_ENABLE_MODULES = YES;
				CLANG_ENABLE_OBJC_ARC = YES;
				CLANG_ENABLE_OBJC_WEAK = YES;
				CLANG_WARN_BLOCK_CAPTURE_AUTORELEASING = YES;
				CLANG_WARN_BOOL_CONVERSION = YES;
				CLANG_WARN_COMMA = YES;
				CLANG_WARN_CONSTANT_CONVERSION = YES;
				CLANG_WARN_DEPRECATED_OBJC_IMPLEMENTATIONS = YES;
				CLANG_WARN_DIRECT_OBJC_ISA_USAGE = YES_ERROR;
				CLANG_WARN_DOCUMENTATION_COMMENTS = YES;
				CLANG_WARN_EMPTY_BODY = YES;
				CLANG_WARN_ENUM_CONVERSION = YES;
				CLANG_WARN_INFINITE_RECURSION = YES;
				CLANG_WARN_INT_CONVERSION = YES;
				CLANG_WARN_NON_LITERAL_NULL_CONVERSION = YES;
				CLANG_WARN_OBJC_IMPLICIT_RETAIN_SELF = YES;
				CLANG_WARN_OBJC_LITERAL_CONVERSION = YES;
				CLANG_WARN_OBJC_ROOT_CLASS = YES_ERROR;
				CLANG_WARN_QUOTED_INCLUDE_IN_FRAMEWORK_HEADER = YES;
				CLANG_WARN_RANGE_LOOP_ANALYSIS = YES;
				CLANG_WARN_STRICT_PROTOTYPES = YES;
				CLANG_WARN_SUSPICIOUS_MOVE = YES;
				CLANG_WARN_UNGUARDED_AVAILABILITY = YES_AGGRESSIVE;
				CLANG_WARN_UNREACHABLE_CODE = YES;
				CLANG_WARN__DUPLICATE_METHOD_MATCH = YES;
				COPY_PHASE_STRIP = NO;
				DEBUG_INFORMATION_FORMAT = dwarf;
				DEVELOPMENT_TEAM = 5C2UYK6F45;
				ENABLE_STRICT_OBJC_MSGSEND = YES;
				ENABLE_TESTABILITY = YES;
				ENABLE_USER_SCRIPT_SANDBOXING = YES;
				GCC_C_LANGUAGE_STANDARD = gnu17;
				GCC_DYNAMIC_NO_PIC = NO;
				GCC_NO_COMMON_BLOCKS = YES;
				GCC_OPTIMIZATION_LEVEL = 0;
				GCC_PREPROCESSOR_DEFINITIONS = (
					"DEBUG=1",
					"$(inherited)",
				);
				GCC_WARN_64_TO_32_BIT_CONVERSION = YES;
				GCC_WARN_ABOUT_RETURN_TYPE = YES_ERROR;
				GCC_WARN_UNDECLARED_SELECTOR = YES;
				GCC_WARN_UNINITIALIZED_AUTOS = YES_AGGRESSIVE;
				GCC_WARN_UNUSED_FUNCTION = YES;
				GCC_WARN_UNUSED_VARIABLE = YES;
				IPHONEOS_DEPLOYMENT_TARGET = 18.4;
				LOCALIZATION_PREFERS_STRING_CATALOGS = YES;
				MTL_ENABLE_DEBUG_INFO = INCLUDE_SOURCE;
				MTL_FAST_MATH = YES;
				ONLY_ACTIVE_ARCH = YES;
				SDKROOT = iphoneos;
				SWIFT_ACTIVE_COMPILATION_CONDITIONS = "DEBUG $(inherited)";
				SWIFT_EMIT_LOC_STRINGS = YES;
				SWIFT_OPTIMIZATION_LEVEL = "-Onone";
			};
			name = Debug;
		};
		C3D2BB8E2E6A7969002B900A /* Release */ = {
			isa = XCBuildConfiguration;
			buildSettings = {
				ALWAYS_SEARCH_USER_PATHS = NO;
				ASSETCATALOG_COMPILER_GENERATE_SWIFT_ASSET_SYMBOL_EXTENSIONS = YES;
				CLANG_ANALYZER_NONNULL = YES;
				CLANG_ANALYZER_NUMBER_OBJECT_CONVERSION = YES_AGGRESSIVE;
				CLANG_CXX_LANGUAGE_STANDARD = "gnu++20";
				CLANG_ENABLE_MODULES = YES;
				CLANG_ENABLE_OBJC_ARC = YES;
				CLANG_ENABLE_OBJC_WEAK = YES;
				CLANG_WARN_BLOCK_CAPTURE_AUTORELEASING = YES;
				CLANG_WARN_BOOL_CONVERSION = YES;
				CLANG_WARN_COMMA = YES;
				CLANG_WARN_CONSTANT_CONVERSION = YES;
				CLANG_WARN_DEPRECATED_OBJC_IMPLEMENTATIONS = YES;
				CLANG_WARN_DIRECT_OBJC_ISA_USAGE = YES_ERROR;
				CLANG_WARN_DOCUMENTATION_COMMENTS = YES;
				CLANG_WARN_EMPTY_BODY = YES;
				CLANG_WARN_ENUM_CONVERSION = YES;
				CLANG_WARN_INFINITE_RECURSION = YES;
				CLANG_WARN_INT_CONVERSION = YES;
				CLANG_WARN_NON_LITERAL_NULL_CONVERSION = YES;
				CLANG_WARN_OBJC_IMPLICIT_RETAIN_SELF = YES;
				CLANG_WARN_OBJC_LITERAL_CONVERSION = YES;
				CLANG_WARN_OBJC_ROOT_CLASS = YES_ERROR;
				CLANG_WARN_QUOTED_INCLUDE_IN_FRAMEWORK_HEADER = YES;
				CLANG_WARN_RANGE_LOOP_ANALYSIS = YES;
				CLANG_WARN_STRICT_PROTOTYPES = YES;
				CLANG_WARN_SUSPICIOUS_MOVE = YES;
				CLANG_WARN_UNGUARDED_AVAILABILITY = YES_AGGRESSIVE;
				CLANG_WARN_UNREACHABLE_CODE = YES;
				CLANG_WARN__DUPLICATE_METHOD_MATCH = YES;
				COPY_PHASE_STRIP = NO;
				DEBUG_INFORMATION_FORMAT = "dwarf-with-dsym";
				DEVELOPMENT_TEAM = 5C2UYK6F45;
				ENABLE_NS_ASSERTIONS = NO;
				ENABLE_STRICT_OBJC_MSGSEND = YES;
				ENABLE_USER_SCRIPT_SANDBOXING = YES;
				GCC_C_LANGUAGE_STANDARD = gnu17;
				GCC_NO_COMMON_BLOCKS = YES;
				GCC_WARN_64_TO_32_BIT_CONVERSION = YES;
				GCC_WARN_ABOUT_RETURN_TYPE = YES_ERROR;
				GCC_WARN_UNDECLARED_SELECTOR = YES;
				GCC_WARN_UNINITIALIZED_AUTOS = YES_AGGRESSIVE;
				GCC_WARN_UNUSED_FUNCTION = YES;
				GCC_WARN_UNUSED_VARIABLE = YES;
				IPHONEOS_DEPLOYMENT_TARGET = 18.4;
				LOCALIZATION_PREFERS_STRING_CATALOGS = YES;
				MTL_ENABLE_DEBUG_INFO = NO;
				MTL_FAST_MATH = YES;
				SDKROOT = iphoneos;
				SWIFT_COMPILATION_MODE = wholemodule;
				SWIFT_EMIT_LOC_STRINGS = YES;
				VALIDATE_PRODUCT = YES;
			};
			name = Release;
		};
		C3D2BB902E6A7969002B900A /* Debug */ = {
			isa = XCBuildConfiguration;
			buildSettings = {
				ASSETCATALOG_COMPILER_APPICON_NAME = AppIcon;
				ASSETCATALOG_COMPILER_GLOBAL_ACCENT_COLOR_NAME = AccentColor;
				CODE_SIGN_STYLE = Automatic;
				CURRENT_PROJECT_VERSION = 3;
				DEVELOPMENT_TEAM = 5C2UYK6F45;
				ENABLE_PREVIEWS = YES;
				GENERATE_INFOPLIST_FILE = YES;
				INFOPLIST_FILE = PackList/Resources/Info.plist;
				INFOPLIST_KEY_CFBundleDisplayName = "モチメモ";
				INFOPLIST_KEY_GADApplicationIdentifier = "ca-app-pub-3916054326181876~1043090235";
				INFOPLIST_KEY_LSApplicationCategoryType = "public.app-category.lifestyle";
				INFOPLIST_KEY_UIApplicationSceneManifest_Generation = YES;
				INFOPLIST_KEY_UIApplicationSupportsIndirectInputEvents = YES;
				INFOPLIST_KEY_UILaunchScreen_Generation = YES;
				INFOPLIST_KEY_UISupportedInterfaceOrientations = "UIInterfaceOrientationLandscapeLeft UIInterfaceOrientationLandscapeRight UIInterfaceOrientationPortrait UIInterfaceOrientationPortraitUpsideDown";
				IPHONEOS_DEPLOYMENT_TARGET = 18.0;
				LD_RUNPATH_SEARCH_PATHS = (
					"$(inherited)",
					"@executable_path/Frameworks",
				);
				MARKETING_VERSION = 3.0.0;
				PRODUCT_BUNDLE_IDENTIFIER = com.azukid.AzPackList5;
				PRODUCT_NAME = "$(TARGET_NAME)";
				STRIP_INSTALLED_PRODUCT = NO;
				SUPPORTED_PLATFORMS = "iphoneos iphonesimulator";
				SUPPORTS_MACCATALYST = NO;
				SUPPORTS_MAC_DESIGNED_FOR_IPHONE_IPAD = NO;
				SUPPORTS_XR_DESIGNED_FOR_IPHONE_IPAD = NO;
				SWIFT_EMIT_LOC_STRINGS = YES;
				SWIFT_VERSION = 5.0;
				TARGETED_DEVICE_FAMILY = "1,2";
			};
			name = Debug;
		};
		C3D2BB912E6A7969002B900A /* Release */ = {
			isa = XCBuildConfiguration;
			buildSettings = {
				ASSETCATALOG_COMPILER_APPICON_NAME = AppIcon;
				ASSETCATALOG_COMPILER_GLOBAL_ACCENT_COLOR_NAME = AccentColor;
				CODE_SIGN_STYLE = Automatic;
				CURRENT_PROJECT_VERSION = 3;
				DEVELOPMENT_TEAM = 5C2UYK6F45;
				ENABLE_PREVIEWS = YES;
				GENERATE_INFOPLIST_FILE = YES;
				INFOPLIST_FILE = PackList/Resources/Info.plist;
				INFOPLIST_KEY_CFBundleDisplayName = "モチメモ";
				INFOPLIST_KEY_GADApplicationIdentifier = "ca-app-pub-3916054326181876~1043090235";
				INFOPLIST_KEY_LSApplicationCategoryType = "public.app-category.lifestyle";
				INFOPLIST_KEY_UIApplicationSceneManifest_Generation = YES;
				INFOPLIST_KEY_UIApplicationSupportsIndirectInputEvents = YES;
				INFOPLIST_KEY_UILaunchScreen_Generation = YES;
				INFOPLIST_KEY_UISupportedInterfaceOrientations = "UIInterfaceOrientationLandscapeLeft UIInterfaceOrientationLandscapeRight UIInterfaceOrientationPortrait UIInterfaceOrientationPortraitUpsideDown";
				IPHONEOS_DEPLOYMENT_TARGET = 18.0;
				LD_RUNPATH_SEARCH_PATHS = (
					"$(inherited)",
					"@executable_path/Frameworks",
				);
				MARKETING_VERSION = 3.0.0;
				PRODUCT_BUNDLE_IDENTIFIER = com.azukid.AzPackList5;
				PRODUCT_NAME = "$(TARGET_NAME)";
				STRIP_INSTALLED_PRODUCT = NO;
				SUPPORTED_PLATFORMS = "iphoneos iphonesimulator";
				SUPPORTS_MACCATALYST = NO;
				SUPPORTS_MAC_DESIGNED_FOR_IPHONE_IPAD = NO;
				SUPPORTS_XR_DESIGNED_FOR_IPHONE_IPAD = NO;
				SWIFT_EMIT_LOC_STRINGS = YES;
				SWIFT_VERSION = 5.0;
				TARGETED_DEVICE_FAMILY = "1,2";
			};
			name = Release;
		};
		C3D2BB932E6A7969002B900A /* Debug */ = {
			isa = XCBuildConfiguration;
			buildSettings = {
				BUNDLE_LOADER = "$(TEST_HOST)";
				CODE_SIGN_STYLE = Automatic;
				CURRENT_PROJECT_VERSION = 1;
				DEVELOPMENT_TEAM = 5C2UYK6F45;
				GENERATE_INFOPLIST_FILE = YES;
				IPHONEOS_DEPLOYMENT_TARGET = 18.4;
				MARKETING_VERSION = 1.0;
				PRODUCT_BUNDLE_IDENTIFIER = com.azukid.sumpo.packlist.PackListTests;
				PRODUCT_NAME = "$(TARGET_NAME)";
				SWIFT_EMIT_LOC_STRINGS = NO;
				SWIFT_VERSION = 5.0;
				TARGETED_DEVICE_FAMILY = "1,2";
				TEST_HOST = "$(BUILT_PRODUCTS_DIR)/PackList.app/$(BUNDLE_EXECUTABLE_FOLDER_PATH)/PackList";
			};
			name = Debug;
		};
		C3D2BB942E6A7969002B900A /* Release */ = {
			isa = XCBuildConfiguration;
			buildSettings = {
				BUNDLE_LOADER = "$(TEST_HOST)";
				CODE_SIGN_STYLE = Automatic;
				CURRENT_PROJECT_VERSION = 1;
				DEVELOPMENT_TEAM = 5C2UYK6F45;
				GENERATE_INFOPLIST_FILE = YES;
				IPHONEOS_DEPLOYMENT_TARGET = 18.4;
				MARKETING_VERSION = 1.0;
				PRODUCT_BUNDLE_IDENTIFIER = com.azukid.sumpo.packlist.PackListTests;
				PRODUCT_NAME = "$(TARGET_NAME)";
				SWIFT_EMIT_LOC_STRINGS = NO;
				SWIFT_VERSION = 5.0;
				TARGETED_DEVICE_FAMILY = "1,2";
				TEST_HOST = "$(BUILT_PRODUCTS_DIR)/PackList.app/$(BUNDLE_EXECUTABLE_FOLDER_PATH)/PackList";
			};
			name = Release;
		};
		C3D2BB962E6A7969002B900A /* Debug */ = {
			isa = XCBuildConfiguration;
			buildSettings = {
				CODE_SIGN_STYLE = Automatic;
				CURRENT_PROJECT_VERSION = 1;
				DEVELOPMENT_TEAM = 5C2UYK6F45;
				GENERATE_INFOPLIST_FILE = YES;
				MARKETING_VERSION = 1.0;
				PRODUCT_BUNDLE_IDENTIFIER = com.azukid.sumpo.packlist.PackListUITests;
				PRODUCT_NAME = "$(TARGET_NAME)";
				SWIFT_EMIT_LOC_STRINGS = NO;
				SWIFT_VERSION = 5.0;
				TARGETED_DEVICE_FAMILY = "1,2";
				TEST_TARGET_NAME = PackList;
			};
			name = Debug;
		};
		C3D2BB972E6A7969002B900A /* Release */ = {
			isa = XCBuildConfiguration;
			buildSettings = {
				CODE_SIGN_STYLE = Automatic;
				CURRENT_PROJECT_VERSION = 1;
				DEVELOPMENT_TEAM = 5C2UYK6F45;
				GENERATE_INFOPLIST_FILE = YES;
				MARKETING_VERSION = 1.0;
				PRODUCT_BUNDLE_IDENTIFIER = com.azukid.sumpo.packlist.PackListUITests;
				PRODUCT_NAME = "$(TARGET_NAME)";
				SWIFT_EMIT_LOC_STRINGS = NO;
				SWIFT_VERSION = 5.0;
				TARGETED_DEVICE_FAMILY = "1,2";
				TEST_TARGET_NAME = PackList;
			};
			name = Release;
		};
/* End XCBuildConfiguration section */

/* Begin XCConfigurationList section */
		C3D2BB672E6A7967002B900A /* Build configuration list for PBXProject "PackList" */ = {
			isa = XCConfigurationList;
			buildConfigurations = (
				C3D2BB8D2E6A7969002B900A /* Debug */,
				C3D2BB8E2E6A7969002B900A /* Release */,
			);
			defaultConfigurationIsVisible = 0;
			defaultConfigurationName = Release;
		};
		C3D2BB8F2E6A7969002B900A /* Build configuration list for PBXNativeTarget "PackList" */ = {
			isa = XCConfigurationList;
			buildConfigurations = (
				C3D2BB902E6A7969002B900A /* Debug */,
				C3D2BB912E6A7969002B900A /* Release */,
			);
			defaultConfigurationIsVisible = 0;
			defaultConfigurationName = Release;
		};
		C3D2BB922E6A7969002B900A /* Build configuration list for PBXNativeTarget "PackListTests" */ = {
			isa = XCConfigurationList;
			buildConfigurations = (
				C3D2BB932E6A7969002B900A /* Debug */,
				C3D2BB942E6A7969002B900A /* Release */,
			);
			defaultConfigurationIsVisible = 0;
			defaultConfigurationName = Release;
		};
		C3D2BB952E6A7969002B900A /* Build configuration list for PBXNativeTarget "PackListUITests" */ = {
			isa = XCConfigurationList;
			buildConfigurations = (
				C3D2BB962E6A7969002B900A /* Debug */,
				C3D2BB972E6A7969002B900A /* Release */,
			);
			defaultConfigurationIsVisible = 0;
			defaultConfigurationName = Release;
		};
/* End XCConfigurationList section */

/* Begin XCRemoteSwiftPackageReference section */
		C36756712E7FA08D0098BB22 /* XCRemoteSwiftPackageReference "swift-package-manager-google-mobile-ads" */ = {
			isa = XCRemoteSwiftPackageReference;
			repositoryURL = "https://github.com/googleads/swift-package-manager-google-mobile-ads.git";
			requirement = {
				kind = upToNextMajorVersion;
				minimumVersion = 12.11.0;
			};
		};
/* End XCRemoteSwiftPackageReference section */

/* Begin XCSwiftPackageProductDependency section */
		C36757AC2E80330F0098BB22 /* GoogleMobileAds */ = {
			isa = XCSwiftPackageProductDependency;
			package = C36756712E7FA08D0098BB22 /* XCRemoteSwiftPackageReference "swift-package-manager-google-mobile-ads" */;
			productName = GoogleMobileAds;
		};
/* End XCSwiftPackageProductDependency section */
	};
	rootObject = C3D2BB642E6A7967002B900A /* Project object */;
}
